
Microsoft Visual Studio Solution File, Format Version 12.00
# Visual Studio Version 17
VisualStudioVersion = 17.11.35219.272
MinimumVisualStudioVersion = 10.0.40219.1
Project("{9A19103F-16F7-4668-BE54-9A1E7A4F7556}") = "L001_SqlClient", "Code-along\L001_SqlClient\L001_SqlClient.csproj", "{C2DE5598-FA45-42BE-8CB3-63C17115AD14}"
EndProject
Project("{9A19103F-16F7-4668-BE54-9A1E7A4F7556}") = "L002_SQL-injection_demo", "Code-along\L002_SQL-injection_demo\L002_SQL-injection_demo.csproj", "{4E92F1CB-2E98-432D-81D2-D98E82C03ACB}"
EndProject
Project("{00D1A9C2-B5F0-4AF3-8072-F6C62B433612}") = "L003_DatabaseProjectDemo", "Code-along\L003_DatabaseProjectDemo\L003_DatabaseProjectDemo.sqlproj", "{27931506-CC38-4664-8BB2-FFE84231E94D}"
EndProject
Project("{FAE04EC0-301F-11D3-BF4B-00C04F79EFBC}") = "L004_Intro_EFcore", "Code-along\L004_Intro_EFcore\L004_Intro_EFcore.csproj", "{C4E23035-AAE9-449D-B98F-035752D69B97}"
EndProject
Project("{FAE04EC0-301F-11D3-BF4B-00C04F79EFBC}") = "L005_ScaffoldedMusic", "Code-along\L005_ScaffoldedMusic\L005_ScaffoldedMusic.csproj", "{0B84CDFC-DC4E-4FEC-899F-7BA3836358FF}"
EndProject
Project("{FAE04EC0-301F-11D3-BF4B-00C04F79EFBC}") = "L006_ModelConfiguration", "Code-along\L006_ModelConfiguration\L006_ModelConfiguration.csproj", "{68ED5699-62C1-40E1-9E18-616B4314272C}"
EndProject
Project("{FAE04EC0-301F-11D3-BF4B-00C04F79EFBC}") = "L007_Relationships", "Code-along\L007_Relationships\L007_Relationships.csproj", "{51FC2987-3C92-4ECF-893B-0B61E64CF858}"
EndProject
Global
	GlobalSection(SolutionConfigurationPlatforms) = preSolution
		Debug|Any CPU = Debug|Any CPU
		Release|Any CPU = Release|Any CPU
	EndGlobalSection
	GlobalSection(ProjectConfigurationPlatforms) = postSolution
		{C2DE5598-FA45-42BE-8CB3-63C17115AD14}.Debug|Any CPU.ActiveCfg = Debug|Any CPU
		{C2DE5598-FA45-42BE-8CB3-63C17115AD14}.Debug|Any CPU.Build.0 = Debug|Any CPU
		{C2DE5598-FA45-42BE-8CB3-63C17115AD14}.Release|Any CPU.ActiveCfg = Release|Any CPU
		{C2DE5598-FA45-42BE-8CB3-63C17115AD14}.Release|Any CPU.Build.0 = Release|Any CPU
		{4E92F1CB-2E98-432D-81D2-D98E82C03ACB}.Debug|Any CPU.ActiveCfg = Debug|Any CPU
		{4E92F1CB-2E98-432D-81D2-D98E82C03ACB}.Debug|Any CPU.Build.0 = Debug|Any CPU
		{4E92F1CB-2E98-432D-81D2-D98E82C03ACB}.Release|Any CPU.ActiveCfg = Release|Any CPU
		{4E92F1CB-2E98-432D-81D2-D98E82C03ACB}.Release|Any CPU.Build.0 = Release|Any CPU
		{27931506-CC38-4664-8BB2-FFE84231E94D}.Debug|Any CPU.ActiveCfg = Debug|Any CPU
		{27931506-CC38-4664-8BB2-FFE84231E94D}.Debug|Any CPU.Build.0 = Debug|Any CPU
		{27931506-CC38-4664-8BB2-FFE84231E94D}.Debug|Any CPU.Deploy.0 = Debug|Any CPU
		{27931506-CC38-4664-8BB2-FFE84231E94D}.Release|Any CPU.ActiveCfg = Release|Any CPU
		{27931506-CC38-4664-8BB2-FFE84231E94D}.Release|Any CPU.Build.0 = Release|Any CPU
		{27931506-CC38-4664-8BB2-FFE84231E94D}.Release|Any CPU.Deploy.0 = Release|Any CPU
		{C4E23035-AAE9-449D-B98F-035752D69B97}.Debug|Any CPU.ActiveCfg = Debug|Any CPU
		{C4E23035-AAE9-449D-B98F-035752D69B97}.Debug|Any CPU.Build.0 = Debug|Any CPU
		{C4E23035-AAE9-449D-B98F-035752D69B97}.Release|Any CPU.ActiveCfg = Release|Any CPU
		{C4E23035-AAE9-449D-B98F-035752D69B97}.Release|Any CPU.Build.0 = Release|Any CPU
		{0B84CDFC-DC4E-4FEC-899F-7BA3836358FF}.Debug|Any CPU.ActiveCfg = Debug|Any CPU
		{0B84CDFC-DC4E-4FEC-899F-7BA3836358FF}.Debug|Any CPU.Build.0 = Debug|Any CPU
		{0B84CDFC-DC4E-4FEC-899F-7BA3836358FF}.Release|Any CPU.ActiveCfg = Release|Any CPU
		{0B84CDFC-DC4E-4FEC-899F-7BA3836358FF}.Release|Any CPU.Build.0 = Release|Any CPU
		{68ED5699-62C1-40E1-9E18-616B4314272C}.Debug|Any CPU.ActiveCfg = Debug|Any CPU
		{68ED5699-62C1-40E1-9E18-616B4314272C}.Debug|Any CPU.Build.0 = Debug|Any CPU
		{68ED5699-62C1-40E1-9E18-616B4314272C}.Release|Any CPU.ActiveCfg = Release|Any CPU
		{68ED5699-62C1-40E1-9E18-616B4314272C}.Release|Any CPU.Build.0 = Release|Any CPU
		{51FC2987-3C92-4ECF-893B-0B61E64CF858}.Debug|Any CPU.ActiveCfg = Debug|Any CPU
		{51FC2987-3C92-4ECF-893B-0B61E64CF858}.Debug|Any CPU.Build.0 = Debug|Any CPU
		{51FC2987-3C92-4ECF-893B-0B61E64CF858}.Release|Any CPU.ActiveCfg = Release|Any CPU
		{51FC2987-3C92-4ECF-893B-0B61E64CF858}.Release|Any CPU.Build.0 = Release|Any CPU
	EndGlobalSection
	GlobalSection(SolutionProperties) = preSolution
		HideSolutionNode = FALSE
	EndGlobalSection
	GlobalSection(ExtensibilityGlobals) = postSolution
		SolutionGuid = {3873FB05-DD39-4CAA-86AD-A71693CCD532}
	EndGlobalSection
EndGlobal
